// !$*UTF8*$!
{
	archiveVersion = 1;
	classes = {
	};
	objectVersion = 50;
	objects = {

/* Begin PBXBuildFile section */
		037D3E14218433F000B8212E /* AppDelegate.m in Sources */ = {isa = PBXBuildFile; fileRef = 037D3E13218433F000B8212E /* AppDelegate.m */; };
		037D3E17218433F000B8212E /* ViewController.m in Sources */ = {isa = PBXBuildFile; fileRef = 037D3E16218433F000B8212E /* ViewController.m */; };
		037D3E1A218433F000B8212E /* Main.storyboard in Resources */ = {isa = PBXBuildFile; fileRef = 037D3E18218433F000B8212E /* Main.storyboard */; };
		037D3E1C218433F100B8212E /* Assets.xcassets in Resources */ = {isa = PBXBuildFile; fileRef = 037D3E1B218433F100B8212E /* Assets.xcassets */; };
		037D3E1F218433F100B8212E /* LaunchScreen.storyboard in Resources */ = {isa = PBXBuildFile; fileRef = 037D3E1D218433F100B8212E /* LaunchScreen.storyboard */; };
		037D3E22218433F100B8212E /* main.m in Sources */ = {isa = PBXBuildFile; fileRef = 037D3E21218433F100B8212E /* main.m */; };
		037D3E2C218433F200B8212E /* JenkinTestTests.m in Sources */ = {isa = PBXBuildFile; fileRef = 037D3E2B218433F200B8212E /* JenkinTestTests.m */; };
		037D3E37218433F200B8212E /* JenkinTestUITests.m in Sources */ = {isa = PBXBuildFile; fileRef = 037D3E36218433F200B8212E /* JenkinTestUITests.m */; };
/* End PBXBuildFile section */

/* Begin PBXContainerItemProxy section */
		037D3E28218433F100B8212E /* PBXContainerItemProxy */ = {
			isa = PBXContainerItemProxy;
			containerPortal = 037D3E07218433F000B8212E /* Project object */;
			proxyType = 1;
			remoteGlobalIDString = 037D3E0E218433F000B8212E;
			remoteInfo = JenkinTest;
		};
		037D3E33218433F200B8212E /* PBXContainerItemProxy */ = {
			isa = PBXContainerItemProxy;
			containerPortal = 037D3E07218433F000B8212E /* Project object */;
			proxyType = 1;
			remoteGlobalIDString = 037D3E0E218433F000B8212E;
			remoteInfo = JenkinTest;
		};
/* End PBXContainerItemProxy section */

/* Begin PBXFileReference section */
		037D3E0F218433F000B8212E /* JenkinTest.app */ = {isa = PBXFileReference; explicitFileType = wrapper.application; includeInIndex = 0; path = JenkinTest.app; sourceTree = BUILT_PRODUCTS_DIR; };
		037D3E12218433F000B8212E /* AppDelegate.h */ = {isa = PBXFileReference; lastKnownFileType = sourcecode.c.h; path = AppDelegate.h; sourceTree = "<group>"; };
		037D3E13218433F000B8212E /* AppDelegate.m */ = {isa = PBXFileReference; lastKnownFileType = sourcecode.c.objc; path = AppDelegate.m; sourceTree = "<group>"; };
		037D3E15218433F000B8212E /* ViewController.h */ = {isa = PBXFileReference; lastKnownFileType = sourcecode.c.h; path = ViewController.h; sourceTree = "<group>"; };
		037D3E16218433F000B8212E /* ViewController.m */ = {isa = PBXFileReference; lastKnownFileType = sourcecode.c.objc; path = ViewController.m; sourceTree = "<group>"; };
		037D3E19218433F000B8212E /* Base */ = {isa = PBXFileReference; lastKnownFileType = file.storyboard; name = Base; path = Base.lproj/Main.storyboard; sourceTree = "<group>"; };
		037D3E1B218433F100B8212E /* Assets.xcassets */ = {isa = PBXFileReference; lastKnownFileType = folder.assetcatalog; path = Assets.xcassets; sourceTree = "<group>"; };
		037D3E1E218433F100B8212E /* Base */ = {isa = PBXFileReference; lastKnownFileType = file.storyboard; name = Base; path = Base.lproj/LaunchScreen.storyboard; sourceTree = "<group>"; };
		037D3E20218433F100B8212E /* Info.plist */ = {isa = PBXFileReference; lastKnownFileType = text.plist.xml; path = Info.plist; sourceTree = "<group>"; };
		037D3E21218433F100B8212E /* main.m */ = {isa = PBXFileReference; lastKnownFileType = sourcecode.c.objc; path = main.m; sourceTree = "<group>"; };
		037D3E27218433F100B8212E /* JenkinTestTests.xctest */ = {isa = PBXFileReference; explicitFileType = wrapper.cfbundle; includeInIndex = 0; path = JenkinTestTests.xctest; sourceTree = BUILT_PRODUCTS_DIR; };
		037D3E2B218433F200B8212E /* JenkinTestTests.m */ = {isa = PBXFileReference; lastKnownFileType = sourcecode.c.objc; path = JenkinTestTests.m; sourceTree = "<group>"; };
		037D3E2D218433F200B8212E /* Info.plist */ = {isa = PBXFileReference; lastKnownFileType = text.plist.xml; path = Info.plist; sourceTree = "<group>"; };
		037D3E32218433F200B8212E /* JenkinTestUITests.xctest */ = {isa = PBXFileReference; explicitFileType = wrapper.cfbundle; includeInIndex = 0; path = JenkinTestUITests.xctest; sourceTree = BUILT_PRODUCTS_DIR; };
		037D3E36218433F200B8212E /* JenkinTestUITests.m */ = {isa = PBXFileReference; lastKnownFileType = sourcecode.c.objc; path = JenkinTestUITests.m; sourceTree = "<group>"; };
		037D3E38218433F200B8212E /* Info.plist */ = {isa = PBXFileReference; lastKnownFileType = text.plist.xml; path = Info.plist; sourceTree = "<group>"; };
/* End PBXFileReference section */

/* Begin PBXFrameworksBuildPhase section */
		037D3E0C218433F000B8212E /* Frameworks */ = {
			isa = PBXFrameworksBuildPhase;
			buildActionMask = 2147483647;
			files = (
			);
			runOnlyForDeploymentPostprocessing = 0;
		};
		037D3E24218433F100B8212E /* Frameworks */ = {
			isa = PBXFrameworksBuildPhase;
			buildActionMask = 2147483647;
			files = (
			);
			runOnlyForDeploymentPostprocessing = 0;
		};
		037D3E2F218433F200B8212E /* Frameworks */ = {
			isa = PBXFrameworksBuildPhase;
			buildActionMask = 2147483647;
			files = (
			);
			runOnlyForDeploymentPostprocessing = 0;
		};
/* End PBXFrameworksBuildPhase section */

/* Begin PBXGroup section */
		037D3E06218433F000B8212E = {
			isa = PBXGroup;
			children = (
				037D3E11218433F000B8212E /* JenkinTest */,
				037D3E2A218433F100B8212E /* JenkinTestTests */,
				037D3E35218433F200B8212E /* JenkinTestUITests */,
				037D3E10218433F000B8212E /* Products */,
			);
			sourceTree = "<group>";
		};
		037D3E10218433F000B8212E /* Products */ = {
			isa = PBXGroup;
			children = (
				037D3E0F218433F000B8212E /* JenkinTest.app */,
				037D3E27218433F100B8212E /* JenkinTestTests.xctest */,
				037D3E32218433F200B8212E /* JenkinTestUITests.xctest */,
			);
			name = Products;
			sourceTree = "<group>";
		};
		037D3E11218433F000B8212E /* JenkinTest */ = {
			isa = PBXGroup;
			children = (
				037D3E12218433F000B8212E /* AppDelegate.h */,
				037D3E13218433F000B8212E /* AppDelegate.m */,
				037D3E15218433F000B8212E /* ViewController.h */,
				037D3E16218433F000B8212E /* ViewController.m */,
				037D3E18218433F000B8212E /* Main.storyboard */,
				037D3E1B218433F100B8212E /* Assets.xcassets */,
				037D3E1D218433F100B8212E /* LaunchScreen.storyboard */,
				037D3E20218433F100B8212E /* Info.plist */,
				037D3E21218433F100B8212E /* main.m */,
			);
			path = JenkinTest;
			sourceTree = "<group>";
		};
		037D3E2A218433F100B8212E /* JenkinTestTests */ = {
			isa = PBXGroup;
			children = (
				037D3E2B218433F200B8212E /* JenkinTestTests.m */,
				037D3E2D218433F200B8212E /* Info.plist */,
			);
			path = JenkinTestTests;
			sourceTree = "<group>";
		};
		037D3E35218433F200B8212E /* JenkinTestUITests */ = {
			isa = PBXGroup;
			children = (
				037D3E36218433F200B8212E /* JenkinTestUITests.m */,
				037D3E38218433F200B8212E /* Info.plist */,
			);
			path = JenkinTestUITests;
			sourceTree = "<group>";
		};
/* End PBXGroup section */

/* Begin PBXNativeTarget section */
		037D3E0E218433F000B8212E /* JenkinTest */ = {
			isa = PBXNativeTarget;
			buildConfigurationList = 037D3E3B218433F200B8212E /* Build configuration list for PBXNativeTarget "JenkinTest" */;
			buildPhases = (
				037D3E0B218433F000B8212E /* Sources */,
				037D3E0C218433F000B8212E /* Frameworks */,
				037D3E0D218433F000B8212E /* Resources */,
			);
			buildRules = (
			);
			dependencies = (
			);
			name = JenkinTest;
			productName = JenkinTest;
			productReference = 037D3E0F218433F000B8212E /* JenkinTest.app */;
			productType = "com.apple.product-type.application";
		};
		037D3E26218433F100B8212E /* JenkinTestTests */ = {
			isa = PBXNativeTarget;
			buildConfigurationList = 037D3E3E218433F200B8212E /* Build configuration list for PBXNativeTarget "JenkinTestTests" */;
			buildPhases = (
				037D3E23218433F100B8212E /* Sources */,
				037D3E24218433F100B8212E /* Frameworks */,
				037D3E25218433F100B8212E /* Resources */,
			);
			buildRules = (
			);
			dependencies = (
				037D3E29218433F100B8212E /* PBXTargetDependency */,
			);
			name = JenkinTestTests;
			productName = JenkinTestTests;
			productReference = 037D3E27218433F100B8212E /* JenkinTestTests.xctest */;
			productType = "com.apple.product-type.bundle.unit-test";
		};
		037D3E31218433F200B8212E /* JenkinTestUITests */ = {
			isa = PBXNativeTarget;
			buildConfigurationList = 037D3E41218433F200B8212E /* Build configuration list for PBXNativeTarget "JenkinTestUITests" */;
			buildPhases = (
				037D3E2E218433F200B8212E /* Sources */,
				037D3E2F218433F200B8212E /* Frameworks */,
				037D3E30218433F200B8212E /* Resources */,
			);
			buildRules = (
			);
			dependencies = (
				037D3E34218433F200B8212E /* PBXTargetDependency */,
			);
			name = JenkinTestUITests;
			productName = JenkinTestUITests;
			productReference = 037D3E32218433F200B8212E /* JenkinTestUITests.xctest */;
			productType = "com.apple.product-type.bundle.ui-testing";
		};
/* End PBXNativeTarget section */

/* Begin PBXProject section */
		037D3E07218433F000B8212E /* Project object */ = {
			isa = PBXProject;
			attributes = {
				LastUpgradeCheck = 1000;
				ORGANIZATIONNAME = "董森森";
				TargetAttributes = {
					037D3E0E218433F000B8212E = {
						CreatedOnToolsVersion = 10.0;
					};
					037D3E26218433F100B8212E = {
						CreatedOnToolsVersion = 10.0;
						TestTargetID = 037D3E0E218433F000B8212E;
					};
					037D3E31218433F200B8212E = {
						CreatedOnToolsVersion = 10.0;
						TestTargetID = 037D3E0E218433F000B8212E;
					};
				};
			};
			buildConfigurationList = 037D3E0A218433F000B8212E /* Build configuration list for PBXProject "JenkinTest" */;
			compatibilityVersion = "Xcode 9.3";
			developmentRegion = en;
			hasScannedForEncodings = 0;
			knownRegions = (
				en,
				Base,
			);
			mainGroup = 037D3E06218433F000B8212E;
			productRefGroup = 037D3E10218433F000B8212E /* Products */;
			projectDirPath = "";
			projectRoot = "";
			targets = (
				037D3E0E218433F000B8212E /* JenkinTest */,
				037D3E26218433F100B8212E /* JenkinTestTests */,
				037D3E31218433F200B8212E /* JenkinTestUITests */,
			);
		};
/* End PBXProject section */

/* Begin PBXResourcesBuildPhase section */
		037D3E0D218433F000B8212E /* Resources */ = {
			isa = PBXResourcesBuildPhase;
			buildActionMask = 2147483647;
			files = (
				037D3E1F218433F100B8212E /* LaunchScreen.storyboard in Resources */,
				037D3E1C218433F100B8212E /* Assets.xcassets in Resources */,
				037D3E1A218433F000B8212E /* Main.storyboard in Resources */,
			);
			runOnlyForDeploymentPostprocessing = 0;
		};
		037D3E25218433F100B8212E /* Resources */ = {
			isa = PBXResourcesBuildPhase;
			buildActionMask = 2147483647;
			files = (
			);
			runOnlyForDeploymentPostprocessing = 0;
		};
		037D3E30218433F200B8212E /* Resources */ = {
			isa = PBXResourcesBuildPhase;
			buildActionMask = 2147483647;
			files = (
			);
			runOnlyForDeploymentPostprocessing = 0;
		};
/* End PBXResourcesBuildPhase section */

/* Begin PBXSourcesBuildPhase section */
		037D3E0B218433F000B8212E /* Sources */ = {
			isa = PBXSourcesBuildPhase;
			buildActionMask = 2147483647;
			files = (
				037D3E17218433F000B8212E /* ViewController.m in Sources */,
				037D3E22218433F100B8212E /* main.m in Sources */,
				037D3E14218433F000B8212E /* AppDelegate.m in Sources */,
			);
			runOnlyForDeploymentPostprocessing = 0;
		};
		037D3E23218433F100B8212E /* Sources */ = {
			isa = PBXSourcesBuildPhase;
			buildActionMask = 2147483647;
			files = (
				037D3E2C218433F200B8212E /* JenkinTestTests.m in Sources */,
			);
			runOnlyForDeploymentPostprocessing = 0;
		};
		037D3E2E218433F200B8212E /* Sources */ = {
			isa = PBXSourcesBuildPhase;
			buildActionMask = 2147483647;
			files = (
				037D3E37218433F200B8212E /* JenkinTestUITests.m in Sources */,
			);
			runOnlyForDeploymentPostprocessing = 0;
		};
/* End PBXSourcesBuildPhase section */

/* Begin PBXTargetDependency section */
		037D3E29218433F100B8212E /* PBXTargetDependency */ = {
			isa = PBXTargetDependency;
			target = 037D3E0E218433F000B8212E /* JenkinTest */;
			targetProxy = 037D3E28218433F100B8212E /* PBXContainerItemProxy */;
		};
		037D3E34218433F200B8212E /* PBXTargetDependency */ = {
			isa = PBXTargetDependency;
			target = 037D3E0E218433F000B8212E /* JenkinTest */;
			targetProxy = 037D3E33218433F200B8212E /* PBXContainerItemProxy */;
		};
/* End PBXTargetDependency section */

/* Begin PBXVariantGroup section */
		037D3E18218433F000B8212E /* Main.storyboard */ = {
			isa = PBXVariantGroup;
			children = (
				037D3E19218433F000B8212E /* Base */,
			);
			name = Main.storyboard;
			sourceTree = "<group>";
		};
		037D3E1D218433F100B8212E /* LaunchScreen.storyboard */ = {
			isa = PBXVariantGroup;
			children = (
				037D3E1E218433F100B8212E /* Base */,
			);
			name = LaunchScreen.storyboard;
			sourceTree = "<group>";
		};
/* End PBXVariantGroup section */

/* Begin XCBuildConfiguration section */
		037D3E39218433F200B8212E /* Debug */ = {
			isa = XCBuildConfiguration;
			buildSettings = {
				ALWAYS_SEARCH_USER_PATHS = NO;
				CLANG_ANALYZER_NONNULL = YES;
				CLANG_ANALYZER_NUMBER_OBJECT_CONVERSION = YES_AGGRESSIVE;
				CLANG_CXX_LANGUAGE_STANDARD = "gnu++14";
				CLANG_CXX_LIBRARY = "libc++";
				CLANG_ENABLE_MODULES = YES;
				CLANG_ENABLE_OBJC_ARC = YES;
				CLANG_ENABLE_OBJC_WEAK = YES;
				CLANG_WARN_BLOCK_CAPTURE_AUTORELEASING = YES;
				CLANG_WARN_BOOL_CONVERSION = YES;
				CLANG_WARN_COMMA = YES;
				CLANG_WARN_CONSTANT_CONVERSION = YES;
				CLANG_WARN_DEPRECATED_OBJC_IMPLEMENTATIONS = YES;
				CLANG_WARN_DIRECT_OBJC_ISA_USAGE = YES_ERROR;
				CLANG_WARN_DOCUMENTATION_COMMENTS = YES;
				CLANG_WARN_EMPTY_BODY = YES;
				CLANG_WARN_ENUM_CONVERSION = YES;
				CLANG_WARN_INFINITE_RECURSION = YES;
				CLANG_WARN_INT_CONVERSION = YES;
				CLANG_WARN_NON_LITERAL_NULL_CONVERSION = YES;
				CLANG_WARN_OBJC_IMPLICIT_RETAIN_SELF = YES;
				CLANG_WARN_OBJC_LITERAL_CONVERSION = YES;
				CLANG_WARN_OBJC_ROOT_CLASS = YES_ERROR;
				CLANG_WARN_RANGE_LOOP_ANALYSIS = YES;
				CLANG_WARN_STRICT_PROTOTYPES = YES;
				CLANG_WARN_SUSPICIOUS_MOVE = YES;
				CLANG_WARN_UNGUARDED_AVAILABILITY = YES_AGGRESSIVE;
				CLANG_WARN_UNREACHABLE_CODE = YES;
				CLANG_WARN__DUPLICATE_METHOD_MATCH = YES;
				CODE_SIGN_IDENTITY = "iPhone Developer";
				COPY_PHASE_STRIP = NO;
				DEBUG_INFORMATION_FORMAT = dwarf;
				ENABLE_STRICT_OBJC_MSGSEND = YES;
				ENABLE_TESTABILITY = YES;
				GCC_C_LANGUAGE_STANDARD = gnu11;
				GCC_DYNAMIC_NO_PIC = NO;
				GCC_NO_COMMON_BLOCKS = YES;
				GCC_OPTIMIZATION_LEVEL = 0;
				GCC_PREPROCESSOR_DEFINITIONS = (
					"DEBUG=1",
					"$(inherited)",
				);
				GCC_WARN_64_TO_32_BIT_CONVERSION = YES;
				GCC_WARN_ABOUT_RETURN_TYPE = YES_ERROR;
				GCC_WARN_UNDECLARED_SELECTOR = YES;
				GCC_WARN_UNINITIALIZED_AUTOS = YES_AGGRESSIVE;
				GCC_WARN_UNUSED_FUNCTION = YES;
				GCC_WARN_UNUSED_VARIABLE = YES;
				IPHONEOS_DEPLOYMENT_TARGET = 12.0;
				MTL_ENABLE_DEBUG_INFO = INCLUDE_SOURCE;
				MTL_FAST_MATH = YES;
				ONLY_ACTIVE_ARCH = YES;
				SDKROOT = iphoneos;
			};
			name = Debug;
		};
		037D3E3A218433F200B8212E /* Release */ = {
			isa = XCBuildConfiguration;
			buildSettings = {
				ALWAYS_SEARCH_USER_PATHS = NO;
				CLANG_ANALYZER_NONNULL = YES;
				CLANG_ANALYZER_NUMBER_OBJECT_CONVERSION = YES_AGGRESSIVE;
				CLANG_CXX_LANGUAGE_STANDARD = "gnu++14";
				CLANG_CXX_LIBRARY = "libc++";
				CLANG_ENABLE_MODULES = YES;
				CLANG_ENABLE_OBJC_ARC = YES;
				CLANG_ENABLE_OBJC_WEAK = YES;
				CLANG_WARN_BLOCK_CAPTURE_AUTORELEASING = YES;
				CLANG_WARN_BOOL_CONVERSION = YES;
				CLANG_WARN_COMMA = YES;
				CLANG_WARN_CONSTANT_CONVERSION = YES;
				CLANG_WARN_DEPRECATED_OBJC_IMPLEMENTATIONS = YES;
				CLANG_WARN_DIRECT_OBJC_ISA_USAGE = YES_ERROR;
				CLANG_WARN_DOCUMENTATION_COMMENTS = YES;
				CLANG_WARN_EMPTY_BODY = YES;
				CLANG_WARN_ENUM_CONVERSION = YES;
				CLANG_WARN_INFINITE_RECURSION = YES;
				CLANG_WARN_INT_CONVERSION = YES;
				CLANG_WARN_NON_LITERAL_NULL_CONVERSION = YES;
				CLANG_WARN_OBJC_IMPLICIT_RETAIN_SELF = YES;
				CLANG_WARN_OBJC_LITERAL_CONVERSION = YES;
				CLANG_WARN_OBJC_ROOT_CLASS = YES_ERROR;
				CLANG_WARN_RANGE_LOOP_ANALYSIS = YES;
				CLANG_WARN_STRICT_PROTOTYPES = YES;
				CLANG_WARN_SUSPICIOUS_MOVE = YES;
				CLANG_WARN_UNGUARDED_AVAILABILITY = YES_AGGRESSIVE;
				CLANG_WARN_UNREACHABLE_CODE = YES;
				CLANG_WARN__DUPLICATE_METHOD_MATCH = YES;
				CODE_SIGN_IDENTITY = "iPhone Developer";
				COPY_PHASE_STRIP = NO;
				DEBUG_INFORMATION_FORMAT = "dwarf-with-dsym";
				ENABLE_NS_ASSERTIONS = NO;
				ENABLE_STRICT_OBJC_MSGSEND = YES;
				GCC_C_LANGUAGE_STANDARD = gnu11;
				GCC_NO_COMMON_BLOCKS = YES;
				GCC_WARN_64_TO_32_BIT_CONVERSION = YES;
				GCC_WARN_ABOUT_RETURN_TYPE = YES_ERROR;
				GCC_WARN_UNDECLARED_SELECTOR = YES;
				GCC_WARN_UNINITIALIZED_AUTOS = YES_AGGRESSIVE;
				GCC_WARN_UNUSED_FUNCTION = YES;
				GCC_WARN_UNUSED_VARIABLE = YES;
				IPHONEOS_DEPLOYMENT_TARGET = 12.0;
				MTL_ENABLE_DEBUG_INFO = NO;
				MTL_FAST_MATH = YES;
				SDKROOT = iphoneos;
				VALIDATE_PRODUCT = YES;
			};
			name = Release;
		};
		037D3E3C218433F200B8212E /* Debug */ = {
			isa = XCBuildConfiguration;
			buildSettings = {
				ASSETCATALOG_COMPILER_APPICON_NAME = AppIcon;
				CODE_SIGN_STYLE = Automatic;
				INFOPLIST_FILE = JenkinTest/Info.plist;
				LD_RUNPATH_SEARCH_PATHS = (
					"$(inherited)",
					"@executable_path/Frameworks",
				);
				PRODUCT_BUNDLE_IDENTIFIER = com.91bihu.JenkinTest;
				PRODUCT_NAME = "$(TARGET_NAME)";
				TARGETED_DEVICE_FAMILY = "1,2";
			};
			name = Debug;
		};
		037D3E3D218433F200B8212E /* Release */ = {
			isa = XCBuildConfiguration;
			buildSettings = {
				ASSETCATALOG_COMPILER_APPICON_NAME = AppIcon;
				CODE_SIGN_STYLE = Automatic;
				INFOPLIST_FILE = JenkinTest/Info.plist;
				LD_RUNPATH_SEARCH_PATHS = (
					"$(inherited)",
					"@executable_path/Frameworks",
				);
				PRODUCT_BUNDLE_IDENTIFIER = com.91bihu.JenkinTest;
				PRODUCT_NAME = "$(TARGET_NAME)";
				TARGETED_DEVICE_FAMILY = "1,2";
			};
			name = Release;
		};
		037D3E3F218433F200B8212E /* Debug */ = {
			isa = XCBuildConfiguration;
			buildSettings = {
				BUNDLE_LOADER = "$(TEST_HOST)";
				CODE_SIGN_STYLE = Automatic;
				INFOPLIST_FILE = JenkinTestTests/Info.plist;
				LD_RUNPATH_SEARCH_PATHS = (
					"$(inherited)",
					"@executable_path/Frameworks",
					"@loader_path/Frameworks",
				);
				PRODUCT_BUNDLE_IDENTIFIER = com.91bihu.JenkinTestTests;
				PRODUCT_NAME = "$(TARGET_NAME)";
				TARGETED_DEVICE_FAMILY = "1,2";
				TEST_HOST = "$(BUILT_PRODUCTS_DIR)/JenkinTest.app/JenkinTest";
			};
			name = Debug;
		};
		037D3E40218433F200B8212E /* Release */ = {
			isa = XCBuildConfiguration;
			buildSettings = {
				BUNDLE_LOADER = "$(TEST_HOST)";
				CODE_SIGN_STYLE = Automatic;
				INFOPLIST_FILE = JenkinTestTests/Info.plist;
				LD_RUNPATH_SEARCH_PATHS = (
					"$(inherited)",
					"@executable_path/Frameworks",
					"@loader_path/Frameworks",
				);
				PRODUCT_BUNDLE_IDENTIFIER = com.91bihu.JenkinTestTests;
				PRODUCT_NAME = "$(TARGET_NAME)";
				TARGETED_DEVICE_FAMILY = "1,2";
				TEST_HOST = "$(BUILT_PRODUCTS_DIR)/JenkinTest.app/JenkinTest";
			};
			name = Release;
		};
		037D3E42218433F200B8212E /* Debug */ = {
			isa = XCBuildConfiguration;
			buildSettings = {
				CODE_SIGN_STYLE = Automatic;
				INFOPLIST_FILE = JenkinTestUITests/Info.plist;
				LD_RUNPATH_SEARCH_PATHS = (
					"$(inherited)",
					"@executable_path/Frameworks",
					"@loader_path/Frameworks",
				);
				PRODUCT_BUNDLE_IDENTIFIER = com.91bihu.JenkinTestUITests;
				PRODUCT_NAME = "$(TARGET_NAME)";
				TARGETED_DEVICE_FAMILY = "1,2";
				TEST_TARGET_NAME = JenkinTest;
			};
			name = Debug;
		};
		037D3E43218433F200B8212E /* Release */ = {
			isa = XCBuildConfiguration;
			buildSettings = {
				CODE_SIGN_STYLE = Automatic;
				INFOPLIST_FILE = JenkinTestUITests/Info.plist;
				LD_RUNPATH_SEARCH_PATHS = (
					"$(inherited)",
					"@executable_path/Frameworks",
					"@loader_path/Frameworks",
				);
				PRODUCT_BUNDLE_IDENTIFIER = com.91bihu.JenkinTestUITests;
				PRODUCT_NAME = "$(TARGET_NAME)";
				TARGETED_DEVICE_FAMILY = "1,2";
				TEST_TARGET_NAME = JenkinTest;
			};
			name = Release;
		};
/* End XCBuildConfiguration section */

/* Begin XCConfigurationList section */
		037D3E0A218433F000B8212E /* Build configuration list for PBXProject "JenkinTest" */ = {
			isa = XCConfigurationList;
			buildConfigurations = (
				037D3E39218433F200B8212E /* Debug */,
				037D3E3A218433F200B8212E /* Release */,
			);
			defaultConfigurationIsVisible = 0;
			defaultConfigurationName = Release;
		};
		037D3E3B218433F200B8212E /* Build configuration list for PBXNativeTarget "JenkinTest" */ = {
			isa = XCConfigurationList;
			buildConfigurations = (
				037D3E3C218433F200B8212E /* Debug */,
				037D3E3D218433F200B8212E /* Release */,
			);
			defaultConfigurationIsVisible = 0;
			defaultConfigurationName = Release;
		};
		037D3E3E218433F200B8212E /* Build configuration list for PBXNativeTarget "JenkinTestTests" */ = {
			isa = XCConfigurationList;
			buildConfigurations = (
				037D3E3F218433F200B8212E /* Debug */,
				037D3E40218433F200B8212E /* Release */,
			);
			defaultConfigurationIsVisible = 0;
			defaultConfigurationName = Release;
		};
		037D3E41218433F200B8212E /* Build configuration list for PBXNativeTarget "JenkinTestUITests" */ = {
			isa = XCConfigurationList;
			buildConfigurations = (
				037D3E42218433F200B8212E /* Debug */,
				037D3E43218433F200B8212E /* Release */,
			);
			defaultConfigurationIsVisible = 0;
			defaultConfigurationName = Release;
		};
/* End XCConfigurationList section */
	};
	rootObject = 037D3E07218433F000B8212E /* Project object */;
}
